[root]
name = "google-fonts-push"
version = "0.0.1"
dependencies = [
 "curl 0.1.0 (git+https://github.com/carllerche/curl-rust)",
 "git 0.0.5 (registry+https://github.com/rust-lang/crates.io-index)",
 "time 0.1.1 (registry+https://github.com/rust-lang/crates.io-index)",
]

[[package]]
name = "curl"
version = "0.1.0"
source = "git+https://github.com/carllerche/curl-rust#99eda61d5a6a0b34c1b9e65e70d3d51fbe404222"
dependencies = [
 "curl-sys 0.1.0 (git+https://github.com/carllerche/curl-rust)",
 "url 0.2.3 (git+https://github.com/servo/rust-url)",
]

[[package]]
name = "curl-sys"
version = "0.1.0"
source = "git+https://github.com/carllerche/curl-rust#99eda61d5a6a0b34c1b9e65e70d3d51fbe404222"
dependencies = [
 "libz-sys 0.1.0 (git+https://github.com/alexcrichton/libz-sys)",
 "openssl-sys 0.2.3 (git+https://github.com/sfackler/rust-openssl)",
 "pkg-config 0.1.1 (git+https://github.com/alexcrichton/pkg-config-rs)",
]

[[package]]
name = "gcc"
version = "0.1.1"
source = "registry+https://github.com/rust-lang/crates.io-index"

[[package]]
name = "git"
version = "0.0.5"
source = "registry+https://github.com/rust-lang/crates.io-index"

[[package]]
name = "libressl-pnacl-sys"
version = "2.1.0"
source = "registry+https://github.com/rust-lang/crates.io-index"
dependencies = [
 "pnacl-build-helper 1.0.0 (registry+https://github.com/rust-lang/crates.io-index)",
]

[[package]]
name = "libz-sys"
version = "0.1.0"
source = "git+https://github.com/alexcrichton/libz-sys#6c19f1309966ce5959ec0472a4730f457136f687"
dependencies = [
 "pkg-config 0.1.1 (git+https://github.com/alexcrichton/pkg-config-rs)",
]

[[package]]
name = "openssl-sys"
version = "0.2.3"
source = "git+https://github.com/sfackler/rust-openssl#9754b8e47db5faff2930ed070527d2d71e76e094"
dependencies = [
 "libressl-pnacl-sys 2.1.0 (registry+https://github.com/rust-lang/crates.io-index)",
 "pkg-config 0.1.1 (registry+https://github.com/rust-lang/crates.io-index)",
]

[[package]]
name = "pkg-config"
version = "0.1.1"
source = "git+https://github.com/alexcrichton/pkg-config-rs#9a57960fa5c3480e8daa318772f3b0d1c76b572c"

[[package]]
name = "pkg-config"
version = "0.1.1"
source = "registry+https://github.com/rust-lang/crates.io-index"

[[package]]
name = "pnacl-build-helper"
version = "1.0.0"
source = "registry+https://github.com/rust-lang/crates.io-index"

[[package]]
name = "time"
version = "0.1.1"
source = "registry+https://github.com/rust-lang/crates.io-index"
dependencies = [
 "gcc 0.1.1 (registry+https://github.com/rust-lang/crates.io-index)",
]

[[package]]
name = "url"
version = "0.2.3"
source = "git+https://github.com/servo/rust-url#1c738d2640731f6da58b85bb5a04883b81835b66"

