[root]
name = "google-fonts-push"
version = "0.0.1"
dependencies = [
 "curl 0.0.1 (git+https://github.com/carllerche/curl-rust)",
 "git 0.0.1 (git+https://github.com/stainless-steel/git)",
]

[[package]]
name = "curl"
version = "0.0.1"
source = "git+https://github.com/carllerche/curl-rust#7e6355a1df822afb4d425f14477b40971ddf62c2"
dependencies = [
 "url 0.1.0 (git+https://github.com/servo/rust-url)",
]

[[package]]
name = "encoding"
version = "0.1.0"
source = "git+https://github.com/lifthrasiir/rust-encoding#a739425a3f3174a31fe38c158dcaf22ea1d856f4"

[[package]]
name = "git"
version = "0.0.1"
source = "git+https://github.com/stainless-steel/git#948e2d8536583045a19b18603d336db97855eac9"

[[package]]
name = "url"
version = "0.1.0"
source = "git+https://github.com/servo/rust-url#9142b86a812ac5bc886f76235585557d8e002246"
dependencies = [
 "encoding 0.1.0 (git+https://github.com/lifthrasiir/rust-encoding)",
]

